
Microsoft Visual Studio Solution File, Format Version 12.00
# Visual Studio Version 16
VisualStudioVersion = 16.0.30413.136
MinimumVisualStudioVersion = 10.0.40219.1
Project("{FAE04EC0-301F-11D3-BF4B-00C04F79EFBC}") = "MedTeknikBildirim", "MedTeknikBildirim\MedTeknikBildirim.csproj", "{B3711B0D-2BFA-4057-887C-EDBFE491B6CA}"
EndProject
Global
	GlobalSection(SolutionConfigurationPlatforms) = preSolution
		Debug|Any CPU = Debug|Any CPU
		Release|Any CPU = Release|Any CPU
	EndGlobalSection
	GlobalSection(ProjectConfigurationPlatforms) = postSolution
		{B3711B0D-2BFA-4057-887C-EDBFE491B6CA}.Debug|Any CPU.ActiveCfg = Debug|Any CPU
		{B3711B0D-2BFA-4057-887C-EDBFE491B6CA}.Debug|Any CPU.Build.0 = Debug|Any CPU
		{B3711B0D-2BFA-4057-887C-EDBFE491B6CA}.Release|Any CPU.ActiveCfg = Release|Any CPU
		{B3711B0D-2BFA-4057-887C-EDBFE491B6CA}.Release|Any CPU.Build.0 = Release|Any CPU
	EndGlobalSection
	GlobalSection(SolutionProperties) = preSolution
		HideSolutionNode = FALSE
	EndGlobalSection
	GlobalSection(ExtensibilityGlobals) = postSolution
		SolutionGuid = {C028DEA0-DC87-40E3-AE6C-E8C9E08C8256}
	EndGlobalSection
EndGlobal
